
Microsoft Visual Studio Solution File, Format Version 12.00
# Visual Studio 15
VisualStudioVersion = 15.0.27703.2047
MinimumVisualStudioVersion = 10.0.40219.1
Project("{9A19103F-16F7-4668-BE54-9A1E7A4F7556}") = "PingerManager", "PingerManager\PingerManager.csproj", "{4FF21CD0-5FCC-441D-92DB-512436CD2FAC}"
EndProject
Project("{FAE04EC0-301F-11D3-BF4B-00C04F79EFBC}") = "PingerManager.Tests", "PingerManager.Tests\PingerManager.Tests.csproj", "{2A29DC9D-EAF1-48E9-ADF9-288278C7FF95}"
EndProject
Global
	GlobalSection(SolutionConfigurationPlatforms) = preSolution
		Debug|Any CPU = Debug|Any CPU
		Release|Any CPU = Release|Any CPU
	EndGlobalSection
	GlobalSection(ProjectConfigurationPlatforms) = postSolution
		{4FF21CD0-5FCC-441D-92DB-512436CD2FAC}.Debug|Any CPU.ActiveCfg = Debug|Any CPU
		{4FF21CD0-5FCC-441D-92DB-512436CD2FAC}.Debug|Any CPU.Build.0 = Debug|Any CPU
		{4FF21CD0-5FCC-441D-92DB-512436CD2FAC}.Release|Any CPU.ActiveCfg = Release|Any CPU
		{4FF21CD0-5FCC-441D-92DB-512436CD2FAC}.Release|Any CPU.Build.0 = Release|Any CPU
		{2A29DC9D-EAF1-48E9-ADF9-288278C7FF95}.Debug|Any CPU.ActiveCfg = Debug|Any CPU
		{2A29DC9D-EAF1-48E9-ADF9-288278C7FF95}.Debug|Any CPU.Build.0 = Debug|Any CPU
		{2A29DC9D-EAF1-48E9-ADF9-288278C7FF95}.Release|Any CPU.ActiveCfg = Release|Any CPU
		{2A29DC9D-EAF1-48E9-ADF9-288278C7FF95}.Release|Any CPU.Build.0 = Release|Any CPU
	EndGlobalSection
	GlobalSection(SolutionProperties) = preSolution
		HideSolutionNode = FALSE
	EndGlobalSection
	GlobalSection(ExtensibilityGlobals) = postSolution
		SolutionGuid = {0CB0E2D8-918E-494B-907B-E827B5132657}
	EndGlobalSection
EndGlobal
